
Microsoft Visual Studio Solution File, Format Version 12.00
# Visual Studio Version 17
VisualStudioVersion = 17.3.32901.215
MinimumVisualStudioVersion = 10.0.40219.1
Project("{FAE04EC0-301F-11D3-BF4B-00C04F79EFBC}") = "absclass", "absclass.csproj", "{8E8D37C5-AB5D-42D3-9F0E-B01ADAA658D3}"
EndProject
Global
	GlobalSection(SolutionConfigurationPlatforms) = preSolution
		Debug|Any CPU = Debug|Any CPU
		Release|Any CPU = Release|Any CPU
	EndGlobalSection
	GlobalSection(ProjectConfigurationPlatforms) = postSolution
		{8E8D37C5-AB5D-42D3-9F0E-B01ADAA658D3}.Debug|Any CPU.ActiveCfg = Debug|Any CPU
		{8E8D37C5-AB5D-42D3-9F0E-B01ADAA658D3}.Debug|Any CPU.Build.0 = Debug|Any CPU
		{8E8D37C5-AB5D-42D3-9F0E-B01ADAA658D3}.Release|Any CPU.ActiveCfg = Release|Any CPU
		{8E8D37C5-AB5D-42D3-9F0E-B01ADAA658D3}.Release|Any CPU.Build.0 = Release|Any CPU
	EndGlobalSection
	GlobalSection(SolutionProperties) = preSolution
		HideSolutionNode = FALSE
	EndGlobalSection
	GlobalSection(ExtensibilityGlobals) = postSolution
		SolutionGuid = {C24882DD-7630-4410-B477-26BD539C7222}
	EndGlobalSection
EndGlobal
